# THIS IS AN AUTOGENERATED FILE. DO NOT EDIT THIS FILE DIRECTLY.
# yarn lockfile v1


"@tsconfig/react-native@^2.0.2":
  version "2.0.2"
  resolved "https://registry.yarnpkg.com/@tsconfig/react-native/-/react-native-2.0.2.tgz#ac9b8ceb1de91e2f23ab89f915490a1a4afd65a0"
  integrity sha512-OY+qydDk8Xw+VONvAFB6WTZAi3OP/KSQWNIeuJgkGFHGV3epw8qlctJQ35+fKGG4919nGbNS9ZI0JuZl1y8w2g==
